// !$*UTF8*$!
{
	archiveVersion = 1;
	classes = {
	};
	objectVersion = 46;
	objects = {

/* Begin PBXBuildFile section */
		2104CE681D73F636004989FF /* AppDelegate.swift in Sources */ = {isa = PBXBuildFile; fileRef = 2104CE671D73F636004989FF /* AppDelegate.swift */; };
		2104CE6A1D73F636004989FF /* ViewController.swift in Sources */ = {isa = PBXBuildFile; fileRef = 2104CE691D73F636004989FF /* ViewController.swift */; };
		2104CE6D1D73F636004989FF /* Main.storyboard in Resources */ = {isa = PBXBuildFile; fileRef = 2104CE6B1D73F636004989FF /* Main.storyboard */; };
		2104CE6F1D73F636004989FF /* Assets.xcassets in Resources */ = {isa = PBXBuildFile; fileRef = 2104CE6E1D73F636004989FF /* Assets.xcassets */; };
		2104CE721D73F636004989FF /* LaunchScreen.storyboard in Resources */ = {isa = PBXBuildFile; fileRef = 2104CE701D73F636004989FF /* LaunchScreen.storyboard */; };
		2104CE7D1D73F636004989FF /* SK_CustomClass_ExtensionsTests.swift in Sources */ = {isa = PBXBuildFile; fileRef = 2104CE7C1D73F636004989FF /* SK_CustomClass_ExtensionsTests.swift */; };
		2104CE881D73F636004989FF /* SK_CustomClass_ExtensionsUITests.swift in Sources */ = {isa = PBXBuildFile; fileRef = 2104CE871D73F636004989FF /* SK_CustomClass_ExtensionsUITests.swift */; };
		2104CE9C1D73F663004989FF /* dropDownMenu.swift in Sources */ = {isa = PBXBuildFile; fileRef = 2104CE951D73F663004989FF /* dropDownMenu.swift */; };
		2104CE9D1D73F663004989FF /* SKCustomTextField.swift in Sources */ = {isa = PBXBuildFile; fileRef = 2104CE961D73F663004989FF /* SKCustomTextField.swift */; };
		2104CE9E1D73F663004989FF /* SKCustomFunction.swift in Sources */ = {isa = PBXBuildFile; fileRef = 2104CE971D73F663004989FF /* SKCustomFunction.swift */; };
		2104CE9F1D73F663004989FF /* ColorCode.swift in Sources */ = {isa = PBXBuildFile; fileRef = 2104CE981D73F663004989FF /* ColorCode.swift */; };
		2104CEA01D73F663004989FF /* DropDownCell.xib in Resources */ = {isa = PBXBuildFile; fileRef = 2104CE991D73F663004989FF /* DropDownCell.xib */; };
		2104CEA11D73F663004989FF /* EasyTipView.swift in Sources */ = {isa = PBXBuildFile; fileRef = 2104CE9A1D73F663004989FF /* EasyTipView.swift */; };
		2104CEA21D73F663004989FF /* SK_Extensions.swift in Sources */ = {isa = PBXBuildFile; fileRef = 2104CE9B1D73F663004989FF /* SK_Extensions.swift */; };
/* End PBXBuildFile section */

/* Begin PBXContainerItemProxy section */
		2104CE791D73F636004989FF /* PBXContainerItemProxy */ = {
			isa = PBXContainerItemProxy;
			containerPortal = 2104CE5C1D73F635004989FF /* Project object */;
			proxyType = 1;
			remoteGlobalIDString = 2104CE631D73F635004989FF;
			remoteInfo = "SK_CustomClass+Extensions";
		};
		2104CE841D73F636004989FF /* PBXContainerItemProxy */ = {
			isa = PBXContainerItemProxy;
			containerPortal = 2104CE5C1D73F635004989FF /* Project object */;
			proxyType = 1;
			remoteGlobalIDString = 2104CE631D73F635004989FF;
			remoteInfo = "SK_CustomClass+Extensions";
		};
/* End PBXContainerItemProxy section */

/* Begin PBXFileReference section */
		2104CE641D73F635004989FF /* SK_CustomClass+Extensions.app */ = {isa = PBXFileReference; explicitFileType = wrapper.application; includeInIndex = 0; path = "SK_CustomClass+Extensions.app"; sourceTree = BUILT_PRODUCTS_DIR; };
		2104CE671D73F636004989FF /* AppDelegate.swift */ = {isa = PBXFileReference; lastKnownFileType = sourcecode.swift; path = AppDelegate.swift; sourceTree = "<group>"; };
		2104CE691D73F636004989FF /* ViewController.swift */ = {isa = PBXFileReference; lastKnownFileType = sourcecode.swift; path = ViewController.swift; sourceTree = "<group>"; };
		2104CE6C1D73F636004989FF /* Base */ = {isa = PBXFileReference; lastKnownFileType = file.storyboard; name = Base; path = Base.lproj/Main.storyboard; sourceTree = "<group>"; };
		2104CE6E1D73F636004989FF /* Assets.xcassets */ = {isa = PBXFileReference; lastKnownFileType = folder.assetcatalog; path = Assets.xcassets; sourceTree = "<group>"; };
		2104CE711D73F636004989FF /* Base */ = {isa = PBXFileReference; lastKnownFileType = file.storyboard; name = Base; path = Base.lproj/LaunchScreen.storyboard; sourceTree = "<group>"; };
		2104CE731D73F636004989FF /* Info.plist */ = {isa = PBXFileReference; lastKnownFileType = text.plist.xml; path = Info.plist; sourceTree = "<group>"; };
		2104CE781D73F636004989FF /* SK_CustomClass+ExtensionsTests.xctest */ = {isa = PBXFileReference; explicitFileType = wrapper.cfbundle; includeInIndex = 0; path = "SK_CustomClass+ExtensionsTests.xctest"; sourceTree = BUILT_PRODUCTS_DIR; };
		2104CE7C1D73F636004989FF /* SK_CustomClass_ExtensionsTests.swift */ = {isa = PBXFileReference; lastKnownFileType = sourcecode.swift; path = SK_CustomClass_ExtensionsTests.swift; sourceTree = "<group>"; };
		2104CE7E1D73F636004989FF /* Info.plist */ = {isa = PBXFileReference; lastKnownFileType = text.plist.xml; path = Info.plist; sourceTree = "<group>"; };
		2104CE831D73F636004989FF /* SK_CustomClass+ExtensionsUITests.xctest */ = {isa = PBXFileReference; explicitFileType = wrapper.cfbundle; includeInIndex = 0; path = "SK_CustomClass+ExtensionsUITests.xctest"; sourceTree = BUILT_PRODUCTS_DIR; };
		2104CE871D73F636004989FF /* SK_CustomClass_ExtensionsUITests.swift */ = {isa = PBXFileReference; lastKnownFileType = sourcecode.swift; path = SK_CustomClass_ExtensionsUITests.swift; sourceTree = "<group>"; };
		2104CE891D73F636004989FF /* Info.plist */ = {isa = PBXFileReference; lastKnownFileType = text.plist.xml; path = Info.plist; sourceTree = "<group>"; };
		2104CE951D73F663004989FF /* dropDownMenu.swift */ = {isa = PBXFileReference; fileEncoding = 4; lastKnownFileType = sourcecode.swift; path = dropDownMenu.swift; sourceTree = "<group>"; };
		2104CE961D73F663004989FF /* SKCustomTextField.swift */ = {isa = PBXFileReference; fileEncoding = 4; lastKnownFileType = sourcecode.swift; path = SKCustomTextField.swift; sourceTree = "<group>"; };
		2104CE971D73F663004989FF /* SKCustomFunction.swift */ = {isa = PBXFileReference; fileEncoding = 4; lastKnownFileType = sourcecode.swift; path = SKCustomFunction.swift; sourceTree = "<group>"; };
		2104CE981D73F663004989FF /* ColorCode.swift */ = {isa = PBXFileReference; fileEncoding = 4; lastKnownFileType = sourcecode.swift; path = ColorCode.swift; sourceTree = "<group>"; };
		2104CE991D73F663004989FF /* DropDownCell.xib */ = {isa = PBXFileReference; fileEncoding = 4; lastKnownFileType = file.xib; path = DropDownCell.xib; sourceTree = "<group>"; };
		2104CE9A1D73F663004989FF /* EasyTipView.swift */ = {isa = PBXFileReference; fileEncoding = 4; lastKnownFileType = sourcecode.swift; path = EasyTipView.swift; sourceTree = "<group>"; };
		2104CE9B1D73F663004989FF /* SK_Extensions.swift */ = {isa = PBXFileReference; fileEncoding = 4; lastKnownFileType = sourcecode.swift; path = SK_Extensions.swift; sourceTree = "<group>"; };
/* End PBXFileReference section */

/* Begin PBXFrameworksBuildPhase section */
		2104CE611D73F635004989FF /* Frameworks */ = {
			isa = PBXFrameworksBuildPhase;
			buildActionMask = 2147483647;
			files = (
			);
			runOnlyForDeploymentPostprocessing = 0;
		};
		2104CE751D73F636004989FF /* Frameworks */ = {
			isa = PBXFrameworksBuildPhase;
			buildActionMask = 2147483647;
			files = (
			);
			runOnlyForDeploymentPostprocessing = 0;
		};
		2104CE801D73F636004989FF /* Frameworks */ = {
			isa = PBXFrameworksBuildPhase;
			buildActionMask = 2147483647;
			files = (
			);
			runOnlyForDeploymentPostprocessing = 0;
		};
/* End PBXFrameworksBuildPhase section */

/* Begin PBXGroup section */
		2104CE5B1D73F635004989FF = {
			isa = PBXGroup;
			children = (
				2104CE661D73F636004989FF /* SK_CustomClass+Extensions */,
				2104CE7B1D73F636004989FF /* SK_CustomClass+ExtensionsTests */,
				2104CE861D73F636004989FF /* SK_CustomClass+ExtensionsUITests */,
				2104CE651D73F635004989FF /* Products */,
			);
			sourceTree = "<group>";
		};
		2104CE651D73F635004989FF /* Products */ = {
			isa = PBXGroup;
			children = (
				2104CE641D73F635004989FF /* SK_CustomClass+Extensions.app */,
				2104CE781D73F636004989FF /* SK_CustomClass+ExtensionsTests.xctest */,
				2104CE831D73F636004989FF /* SK_CustomClass+ExtensionsUITests.xctest */,
			);
			name = Products;
			sourceTree = "<group>";
		};
		2104CE661D73F636004989FF /* SK_CustomClass+Extensions */ = {
			isa = PBXGroup;
			children = (
				21104B571DE5828400372840 /* Classes */,
				21104B581DE5828D00372840 /* Extension */,
				21104B591DE5829500372840 /* Color */,
				2104CE671D73F636004989FF /* AppDelegate.swift */,
				2104CE691D73F636004989FF /* ViewController.swift */,
				2104CE6B1D73F636004989FF /* Main.storyboard */,
				2104CE6E1D73F636004989FF /* Assets.xcassets */,
				2104CE701D73F636004989FF /* LaunchScreen.storyboard */,
				2104CE731D73F636004989FF /* Info.plist */,
			);
			path = "SK_CustomClass+Extensions";
			sourceTree = "<group>";
		};
		2104CE7B1D73F636004989FF /* SK_CustomClass+ExtensionsTests */ = {
			isa = PBXGroup;
			children = (
				2104CE7C1D73F636004989FF /* SK_CustomClass_ExtensionsTests.swift */,
				2104CE7E1D73F636004989FF /* Info.plist */,
			);
			path = "SK_CustomClass+ExtensionsTests";
			sourceTree = "<group>";
		};
		2104CE861D73F636004989FF /* SK_CustomClass+ExtensionsUITests */ = {
			isa = PBXGroup;
			children = (
				2104CE871D73F636004989FF /* SK_CustomClass_ExtensionsUITests.swift */,
				2104CE891D73F636004989FF /* Info.plist */,
			);
			path = "SK_CustomClass+ExtensionsUITests";
			sourceTree = "<group>";
		};
		21104B571DE5828400372840 /* Classes */ = {
			isa = PBXGroup;
			children = (
				2104CE951D73F663004989FF /* dropDownMenu.swift */,
				2104CE961D73F663004989FF /* SKCustomTextField.swift */,
				2104CE971D73F663004989FF /* SKCustomFunction.swift */,
				2104CE991D73F663004989FF /* DropDownCell.xib */,
				2104CE9A1D73F663004989FF /* EasyTipView.swift */,
			);
			name = Classes;
			sourceTree = "<group>";
		};
		21104B581DE5828D00372840 /* Extension */ = {
			isa = PBXGroup;
			children = (
				2104CE9B1D73F663004989FF /* SK_Extensions.swift */,
			);
			name = Extension;
			sourceTree = "<group>";
		};
		21104B591DE5829500372840 /* Color */ = {
			isa = PBXGroup;
			children = (
				2104CE981D73F663004989FF /* ColorCode.swift */,
			);
			name = Color;
			sourceTree = "<group>";
		};
/* End PBXGroup section */

/* Begin PBXNativeTarget section */
		2104CE631D73F635004989FF /* SK_CustomClass+Extensions */ = {
			isa = PBXNativeTarget;
			buildConfigurationList = 2104CE8C1D73F636004989FF /* Build configuration list for PBXNativeTarget "SK_CustomClass+Extensions" */;
			buildPhases = (
				2104CE601D73F635004989FF /* Sources */,
				2104CE611D73F635004989FF /* Frameworks */,
				2104CE621D73F635004989FF /* Resources */,
			);
			buildRules = (
			);
			dependencies = (
			);
			name = "SK_CustomClass+Extensions";
			productName = "SK_CustomClass+Extensions";
			productReference = 2104CE641D73F635004989FF /* SK_CustomClass+Extensions.app */;
			productType = "com.apple.product-type.application";
		};
		2104CE771D73F636004989FF /* SK_CustomClass+ExtensionsTests */ = {
			isa = PBXNativeTarget;
			buildConfigurationList = 2104CE8F1D73F636004989FF /* Build configuration list for PBXNativeTarget "SK_CustomClass+ExtensionsTests" */;
			buildPhases = (
				2104CE741D73F636004989FF /* Sources */,
				2104CE751D73F636004989FF /* Frameworks */,
				2104CE761D73F636004989FF /* Resources */,
			);
			buildRules = (
			);
			dependencies = (
				2104CE7A1D73F636004989FF /* PBXTargetDependency */,
			);
			name = "SK_CustomClass+ExtensionsTests";
			productName = "SK_CustomClass+ExtensionsTests";
			productReference = 2104CE781D73F636004989FF /* SK_CustomClass+ExtensionsTests.xctest */;
			productType = "com.apple.product-type.bundle.unit-test";
		};
		2104CE821D73F636004989FF /* SK_CustomClass+ExtensionsUITests */ = {
			isa = PBXNativeTarget;
			buildConfigurationList = 2104CE921D73F636004989FF /* Build configuration list for PBXNativeTarget "SK_CustomClass+ExtensionsUITests" */;
			buildPhases = (
				2104CE7F1D73F636004989FF /* Sources */,
				2104CE801D73F636004989FF /* Frameworks */,
				2104CE811D73F636004989FF /* Resources */,
			);
			buildRules = (
			);
			dependencies = (
				2104CE851D73F636004989FF /* PBXTargetDependency */,
			);
			name = "SK_CustomClass+ExtensionsUITests";
			productName = "SK_CustomClass+ExtensionsUITests";
			productReference = 2104CE831D73F636004989FF /* SK_CustomClass+ExtensionsUITests.xctest */;
			productType = "com.apple.product-type.bundle.ui-testing";
		};
/* End PBXNativeTarget section */

/* Begin PBXProject section */
		2104CE5C1D73F635004989FF /* Project object */ = {
			isa = PBXProject;
			attributes = {
				LastSwiftUpdateCheck = 0730;
				LastUpgradeCheck = 0730;
				ORGANIZATIONNAME = samKolhe;
				TargetAttributes = {
					2104CE631D73F635004989FF = {
						CreatedOnToolsVersion = 7.3.1;
					};
					2104CE771D73F636004989FF = {
						CreatedOnToolsVersion = 7.3.1;
						TestTargetID = 2104CE631D73F635004989FF;
					};
					2104CE821D73F636004989FF = {
						CreatedOnToolsVersion = 7.3.1;
						TestTargetID = 2104CE631D73F635004989FF;
					};
				};
			};
			buildConfigurationList = 2104CE5F1D73F635004989FF /* Build configuration list for PBXProject "SK_CustomClass+Extensions" */;
			compatibilityVersion = "Xcode 3.2";
			developmentRegion = English;
			hasScannedForEncodings = 0;
			knownRegions = (
				en,
				Base,
			);
			mainGroup = 2104CE5B1D73F635004989FF;
			productRefGroup = 2104CE651D73F635004989FF /* Products */;
			projectDirPath = "";
			projectRoot = "";
			targets = (
				2104CE631D73F635004989FF /* SK_CustomClass+Extensions */,
				2104CE771D73F636004989FF /* SK_CustomClass+ExtensionsTests */,
				2104CE821D73F636004989FF /* SK_CustomClass+ExtensionsUITests */,
			);
		};
/* End PBXProject section */

/* Begin PBXResourcesBuildPhase section */
		2104CE621D73F635004989FF /* Resources */ = {
			isa = PBXResourcesBuildPhase;
			buildActionMask = 2147483647;
			files = (
				2104CE721D73F636004989FF /* LaunchScreen.storyboard in Resources */,
				2104CE6F1D73F636004989FF /* Assets.xcassets in Resources */,
				2104CEA01D73F663004989FF /* DropDownCell.xib in Resources */,
				2104CE6D1D73F636004989FF /* Main.storyboard in Resources */,
			);
			runOnlyForDeploymentPostprocessing = 0;
		};
		2104CE761D73F636004989FF /* Resources */ = {
			isa = PBXResourcesBuildPhase;
			buildActionMask = 2147483647;
			files = (
			);
			runOnlyForDeploymentPostprocessing = 0;
		};
		2104CE811D73F636004989FF /* Resources */ = {
			isa = PBXResourcesBuildPhase;
			buildActionMask = 2147483647;
			files = (
			);
			runOnlyForDeploymentPostprocessing = 0;
		};
/* End PBXResourcesBuildPhase section */

/* Begin PBXSourcesBuildPhase section */
		2104CE601D73F635004989FF /* Sources */ = {
			isa = PBXSourcesBuildPhase;
			buildActionMask = 2147483647;
			files = (
				2104CE9D1D73F663004989FF /* SKCustomTextField.swift in Sources */,
				2104CE6A1D73F636004989FF /* ViewController.swift in Sources */,
				2104CEA11D73F663004989FF /* EasyTipView.swift in Sources */,
				2104CEA21D73F663004989FF /* SK_Extensions.swift in Sources */,
				2104CE681D73F636004989FF /* AppDelegate.swift in Sources */,
				2104CE9E1D73F663004989FF /* SKCustomFunction.swift in Sources */,
				2104CE9F1D73F663004989FF /* ColorCode.swift in Sources */,
				2104CE9C1D73F663004989FF /* dropDownMenu.swift in Sources */,
			);
			runOnlyForDeploymentPostprocessing = 0;
		};
		2104CE741D73F636004989FF /* Sources */ = {
			isa = PBXSourcesBuildPhase;
			buildActionMask = 2147483647;
			files = (
				2104CE7D1D73F636004989FF /* SK_CustomClass_ExtensionsTests.swift in Sources */,
			);
			runOnlyForDeploymentPostprocessing = 0;
		};
		2104CE7F1D73F636004989FF /* Sources */ = {
			isa = PBXSourcesBuildPhase;
			buildActionMask = 2147483647;
			files = (
				2104CE881D73F636004989FF /* SK_CustomClass_ExtensionsUITests.swift in Sources */,
			);
			runOnlyForDeploymentPostprocessing = 0;
		};
/* End PBXSourcesBuildPhase section */

/* Begin PBXTargetDependency section */
		2104CE7A1D73F636004989FF /* PBXTargetDependency */ = {
			isa = PBXTargetDependency;
			target = 2104CE631D73F635004989FF /* SK_CustomClass+Extensions */;
			targetProxy = 2104CE791D73F636004989FF /* PBXContainerItemProxy */;
		};
		2104CE851D73F636004989FF /* PBXTargetDependency */ = {
			isa = PBXTargetDependency;
			target = 2104CE631D73F635004989FF /* SK_CustomClass+Extensions */;
			targetProxy = 2104CE841D73F636004989FF /* PBXContainerItemProxy */;
		};
/* End PBXTargetDependency section */

/* Begin PBXVariantGroup section */
		2104CE6B1D73F636004989FF /* Main.storyboard */ = {
			isa = PBXVariantGroup;
			children = (
				2104CE6C1D73F636004989FF /* Base */,
			);
			name = Main.storyboard;
			sourceTree = "<group>";
		};
		2104CE701D73F636004989FF /* LaunchScreen.storyboard */ = {
			isa = PBXVariantGroup;
			children = (
				2104CE711D73F636004989FF /* Base */,
			);
			name = LaunchScreen.storyboard;
			sourceTree = "<group>";
		};
/* End PBXVariantGroup section */

/* Begin XCBuildConfiguration section */
		2104CE8A1D73F636004989FF /* Debug */ = {
			isa = XCBuildConfiguration;
			buildSettings = {
				ALWAYS_SEARCH_USER_PATHS = NO;
				CLANG_ANALYZER_NONNULL = YES;
				CLANG_CXX_LANGUAGE_STANDARD = "gnu++0x";
				CLANG_CXX_LIBRARY = "libc++";
				CLANG_ENABLE_MODULES = YES;
				CLANG_ENABLE_OBJC_ARC = YES;
				CLANG_WARN_BOOL_CONVERSION = YES;
				CLANG_WARN_CONSTANT_CONVERSION = YES;
				CLANG_WARN_DIRECT_OBJC_ISA_USAGE = YES_ERROR;
				CLANG_WARN_EMPTY_BODY = YES;
				CLANG_WARN_ENUM_CONVERSION = YES;
				CLANG_WARN_INT_CONVERSION = YES;
				CLANG_WARN_OBJC_ROOT_CLASS = YES_ERROR;
				CLANG_WARN_UNREACHABLE_CODE = YES;
				CLANG_WARN__DUPLICATE_METHOD_MATCH = YES;
				"CODE_SIGN_IDENTITY[sdk=iphoneos*]" = "iPhone Developer";
				COPY_PHASE_STRIP = NO;
				DEBUG_INFORMATION_FORMAT = dwarf;
				ENABLE_STRICT_OBJC_MSGSEND = YES;
				ENABLE_TESTABILITY = YES;
				GCC_C_LANGUAGE_STANDARD = gnu99;
				GCC_DYNAMIC_NO_PIC = NO;
				GCC_NO_COMMON_BLOCKS = YES;
				GCC_OPTIMIZATION_LEVEL = 0;
				GCC_PREPROCESSOR_DEFINITIONS = (
					"DEBUG=1",
					"$(inherited)",
				);
				GCC_WARN_64_TO_32_BIT_CONVERSION = YES;
				GCC_WARN_ABOUT_RETURN_TYPE = YES_ERROR;
				GCC_WARN_UNDECLARED_SELECTOR = YES;
				GCC_WARN_UNINITIALIZED_AUTOS = YES_AGGRESSIVE;
				GCC_WARN_UNUSED_FUNCTION = YES;
				GCC_WARN_UNUSED_VARIABLE = YES;
				IPHONEOS_DEPLOYMENT_TARGET = 9.3;
				MTL_ENABLE_DEBUG_INFO = YES;
				ONLY_ACTIVE_ARCH = YES;
				SDKROOT = iphoneos;
				SWIFT_OPTIMIZATION_LEVEL = "-Onone";
			};
			name = Debug;
		};
		2104CE8B1D73F636004989FF /* Release */ = {
			isa = XCBuildConfiguration;
			buildSettings = {
				ALWAYS_SEARCH_USER_PATHS = NO;
				CLANG_ANALYZER_NONNULL = YES;
				CLANG_CXX_LANGUAGE_STANDARD = "gnu++0x";
				CLANG_CXX_LIBRARY = "libc++";
				CLANG_ENABLE_MODULES = YES;
				CLANG_ENABLE_OBJC_ARC = YES;
				CLANG_WARN_BOOL_CONVERSION = YES;
				CLANG_WARN_CONSTANT_CONVERSION = YES;
				CLANG_WARN_DIRECT_OBJC_ISA_USAGE = YES_ERROR;
				CLANG_WARN_EMPTY_BODY = YES;
				CLANG_WARN_ENUM_CONVERSION = YES;
				CLANG_WARN_INT_CONVERSION = YES;
				CLANG_WARN_OBJC_ROOT_CLASS = YES_ERROR;
				CLANG_WARN_UNREACHABLE_CODE = YES;
				CLANG_WARN__DUPLICATE_METHOD_MATCH = YES;
				"CODE_SIGN_IDENTITY[sdk=iphoneos*]" = "iPhone Developer";
				COPY_PHASE_STRIP = NO;
				DEBUG_INFORMATION_FORMAT = "dwarf-with-dsym";
				ENABLE_NS_ASSERTIONS = NO;
				ENABLE_STRICT_OBJC_MSGSEND = YES;
				GCC_C_LANGUAGE_STANDARD = gnu99;
				GCC_NO_COMMON_BLOCKS = YES;
				GCC_WARN_64_TO_32_BIT_CONVERSION = YES;
				GCC_WARN_ABOUT_RETURN_TYPE = YES_ERROR;
				GCC_WARN_UNDECLARED_SELECTOR = YES;
				GCC_WARN_UNINITIALIZED_AUTOS = YES_AGGRESSIVE;
				GCC_WARN_UNUSED_FUNCTION = YES;
				GCC_WARN_UNUSED_VARIABLE = YES;
				IPHONEOS_DEPLOYMENT_TARGET = 9.3;
				MTL_ENABLE_DEBUG_INFO = NO;
				SDKROOT = iphoneos;
				VALIDATE_PRODUCT = YES;
			};
			name = Release;
		};
		2104CE8D1D73F636004989FF /* Debug */ = {
			isa = XCBuildConfiguration;
			buildSettings = {
				ASSETCATALOG_COMPILER_APPICON_NAME = AppIcon;
				INFOPLIST_FILE = "SK_CustomClass+Extensions/Info.plist";
				LD_RUNPATH_SEARCH_PATHS = "$(inherited) @executable_path/Frameworks";
				PRODUCT_BUNDLE_IDENTIFIER = "com.samkolhe.SK-CustomClass-Extensions";
				PRODUCT_NAME = "$(TARGET_NAME)";
			};
			name = Debug;
		};
		2104CE8E1D73F636004989FF /* Release */ = {
			isa = XCBuildConfiguration;
			buildSettings = {
				ASSETCATALOG_COMPILER_APPICON_NAME = AppIcon;
				INFOPLIST_FILE = "SK_CustomClass+Extensions/Info.plist";
				LD_RUNPATH_SEARCH_PATHS = "$(inherited) @executable_path/Frameworks";
				PRODUCT_BUNDLE_IDENTIFIER = "com.samkolhe.SK-CustomClass-Extensions";
				PRODUCT_NAME = "$(TARGET_NAME)";
			};
			name = Release;
		};
		2104CE901D73F636004989FF /* Debug */ = {
			isa = XCBuildConfiguration;
			buildSettings = {
				BUNDLE_LOADER = "$(TEST_HOST)";
				INFOPLIST_FILE = "SK_CustomClass+ExtensionsTests/Info.plist";
				LD_RUNPATH_SEARCH_PATHS = "$(inherited) @executable_path/Frameworks @loader_path/Frameworks";
				PRODUCT_BUNDLE_IDENTIFIER = "com.samkolhe.SK-CustomClass-ExtensionsTests";
				PRODUCT_NAME = "$(TARGET_NAME)";
				TEST_HOST = "$(BUILT_PRODUCTS_DIR)/SK_CustomClass+Extensions.app/SK_CustomClass+Extensions";
			};
			name = Debug;
		};
		2104CE911D73F636004989FF /* Release */ = {
			isa = XCBuildConfiguration;
			buildSettings = {
				BUNDLE_LOADER = "$(TEST_HOST)";
				INFOPLIST_FILE = "SK_CustomClass+ExtensionsTests/Info.plist";
				LD_RUNPATH_SEARCH_PATHS = "$(inherited) @executable_path/Frameworks @loader_path/Frameworks";
				PRODUCT_BUNDLE_IDENTIFIER = "com.samkolhe.SK-CustomClass-ExtensionsTests";
				PRODUCT_NAME = "$(TARGET_NAME)";
				TEST_HOST = "$(BUILT_PRODUCTS_DIR)/SK_CustomClass+Extensions.app/SK_CustomClass+Extensions";
			};
			name = Release;
		};
		2104CE931D73F636004989FF /* Debug */ = {
			isa = XCBuildConfiguration;
			buildSettings = {
				INFOPLIST_FILE = "SK_CustomClass+ExtensionsUITests/Info.plist";
				LD_RUNPATH_SEARCH_PATHS = "$(inherited) @executable_path/Frameworks @loader_path/Frameworks";
				PRODUCT_BUNDLE_IDENTIFIER = "com.samkolhe.SK-CustomClass-ExtensionsUITests";
				PRODUCT_NAME = "$(TARGET_NAME)";
				TEST_TARGET_NAME = "SK_CustomClass+Extensions";
			};
			name = Debug;
		};
		2104CE941D73F636004989FF /* Release */ = {
			isa = XCBuildConfiguration;
			buildSettings = {
				INFOPLIST_FILE = "SK_CustomClass+ExtensionsUITests/Info.plist";
				LD_RUNPATH_SEARCH_PATHS = "$(inherited) @executable_path/Frameworks @loader_path/Frameworks";
				PRODUCT_BUNDLE_IDENTIFIER = "com.samkolhe.SK-CustomClass-ExtensionsUITests";
				PRODUCT_NAME = "$(TARGET_NAME)";
				TEST_TARGET_NAME = "SK_CustomClass+Extensions";
			};
			name = Release;
		};
/* End XCBuildConfiguration section */

/* Begin XCConfigurationList section */
		2104CE5F1D73F635004989FF /* Build configuration list for PBXProject "SK_CustomClass+Extensions" */ = {
			isa = XCConfigurationList;
			buildConfigurations = (
				2104CE8A1D73F636004989FF /* Debug */,
				2104CE8B1D73F636004989FF /* Release */,
			);
			defaultConfigurationIsVisible = 0;
			defaultConfigurationName = Release;
		};
		2104CE8C1D73F636004989FF /* Build configuration list for PBXNativeTarget "SK_CustomClass+Extensions" */ = {
			isa = XCConfigurationList;
			buildConfigurations = (
				2104CE8D1D73F636004989FF /* Debug */,
				2104CE8E1D73F636004989FF /* Release */,
			);
			defaultConfigurationIsVisible = 0;
			defaultConfigurationName = Release;
		};
		2104CE8F1D73F636004989FF /* Build configuration list for PBXNativeTarget "SK_CustomClass+ExtensionsTests" */ = {
			isa = XCConfigurationList;
			buildConfigurations = (
				2104CE901D73F636004989FF /* Debug */,
				2104CE911D73F636004989FF /* Release */,
			);
			defaultConfigurationIsVisible = 0;
			defaultConfigurationName = Release;
		};
		2104CE921D73F636004989FF /* Build configuration list for PBXNativeTarget "SK_CustomClass+ExtensionsUITests" */ = {
			isa = XCConfigurationList;
			buildConfigurations = (
				2104CE931D73F636004989FF /* Debug */,
				2104CE941D73F636004989FF /* Release */,
			);
			defaultConfigurationIsVisible = 0;
			defaultConfigurationName = Release;
		};
/* End XCConfigurationList section */
	};
	rootObject = 2104CE5C1D73F635004989FF /* Project object */;
}
